<?xml version="1.0" encoding="utf-8"?>
<Project ToolsVersion="4.0" xmlns="http://schemas.microsoft.com/developer/msbuild/2003">
  <ItemGroup>
    <Filter Include="源文件">
      <UniqueIdentifier>{4FC737F1-C7A5-4376-A066-2A32D752A2FF}</UniqueIdentifier>
      <Extensions>cpp;c;cc;cxx;def;odl;idl;hpj;bat;asm;asmx</Extensions>
    </Filter>
    <Filter Include="头文件">
      <UniqueIdentifier>{93995380-89BD-4b04-88EB-625FBE52EBFB}</UniqueIdentifier>
      <Extensions>h;hh;hpp;hxx;hm;inl;inc;ipp;xsd</Extensions>
    </Filter>
    <Filter Include="资源文件">
      <UniqueIdentifier>{67DA6AB6-F800-4c08-8B7A-83BB121AAD01}</UniqueIdentifier>
      <Extensions>rc;ico;cur;bmp;dlg;rc2;rct;bin;rgs;gif;jpg;jpeg;jpe;resx;tiff;tif;png;wav;mfcribbon-ms</Extensions>
    </Filter>
  </ItemGroup>
  <ItemGroup>
    <ClCompile Include="main.cpp">
      <Filter>源文件</Filter>
    </ClCompile>
    <ClCompile Include="floodfill.cpp">
      <Filter>源文件</Filter>
    </ClCompile>
    <ClCompile Include="lcode20180825.cpp">
      <Filter>源文件</Filter>
    </ClCompile>
    <ClCompile Include="lcode20180824.cpp">
      <Filter>源文件</Filter>
    </ClCompile>
    <ClCompile Include="lcode20180823.cpp">
      <Filter>源文件</Filter>
    </ClCompile>
    <ClCompile Include="lcode20180822.cpp">
      <Filter>源文件</Filter>
    </ClCompile>
    <ClCompile Include="lcode20180821.cpp">
      <Filter>源文件</Filter>
    </ClCompile>
    <ClCompile Include="lcode20180817.cpp">
      <Filter>源文件</Filter>
    </ClCompile>
    <ClCompile Include="lcode20180816.cpp">
      <Filter>源文件</Filter>
    </ClCompile>
    <ClCompile Include="lcode20180814.cpp">
      <Filter>源文件</Filter>
    </ClCompile>
    <ClCompile Include="lcode20180813.cpp">
      <Filter>源文件</Filter>
    </ClCompile>
    <ClCompile Include="lcode20180812.cpp">
      <Filter>源文件</Filter>
    </ClCompile>
    <ClCompile Include="lcode20180811.cpp">
      <Filter>源文件</Filter>
    </ClCompile>
    <ClCompile Include="lcode20180826.cpp">
      <Filter>源文件</Filter>
    </ClCompile>
    <ClCompile Include="lcode20180828.cpp">
      <Filter>源文件</Filter>
    </ClCompile>
    <ClCompile Include="lcode20180829.cpp">
      <Filter>源文件</Filter>
    </ClCompile>
    <ClCompile Include="lcode20180831.cpp">
      <Filter>源文件</Filter>
    </ClCompile>
    <ClCompile Include="lcode20180902.cpp">
      <Filter>源文件</Filter>
    </ClCompile>
    <ClCompile Include="lcode20180904.cpp">
      <Filter>源文件</Filter>
    </ClCompile>
    <ClCompile Include="lcode20180905.cpp">
      <Filter>源文件</Filter>
    </ClCompile>
    <ClCompile Include="lcode20180913.cpp">
      <Filter>源文件</Filter>
    </ClCompile>
    <ClCompile Include="lcode20180914.cpp">
      <Filter>源文件</Filter>
    </ClCompile>
  </ItemGroup>
  <ItemGroup>
    <ClInclude Include="floodfill.h">
      <Filter>头文件</Filter>
    </ClInclude>
    <ClInclude Include="lcode20180825.h">
      <Filter>头文件</Filter>
    </ClInclude>
    <ClInclude Include="lcode20180824.h">
      <Filter>头文件</Filter>
    </ClInclude>
    <ClInclude Include="lcode20180823.h">
      <Filter>头文件</Filter>
    </ClInclude>
    <ClInclude Include="lcode20180822.h">
      <Filter>头文件</Filter>
    </ClInclude>
    <ClInclude Include="lcode20180821.h">
      <Filter>头文件</Filter>
    </ClInclude>
    <ClInclude Include="lcode20180817.h">
      <Filter>头文件</Filter>
    </ClInclude>
    <ClInclude Include="lcode20180816.h">
      <Filter>头文件</Filter>
    </ClInclude>
    <ClInclude Include="lcode20180814.h">
      <Filter>头文件</Filter>
    </ClInclude>
    <ClInclude Include="lcode20180813.h">
      <Filter>头文件</Filter>
    </ClInclude>
    <ClInclude Include="lcode20180812.h">
      <Filter>头文件</Filter>
    </ClInclude>
    <ClInclude Include="lcode20180811.h">
      <Filter>头文件</Filter>
    </ClInclude>
    <ClInclude Include="lcode20180826.h">
      <Filter>头文件</Filter>
    </ClInclude>
    <ClInclude Include="lcode20180828.h">
      <Filter>头文件</Filter>
    </ClInclude>
    <ClInclude Include="lcode20180829.h">
      <Filter>头文件</Filter>
    </ClInclude>
    <ClInclude Include="lcode20180831.h">
      <Filter>头文件</Filter>
    </ClInclude>
    <ClInclude Include="lcode20180902.h">
      <Filter>头文件</Filter>
    </ClInclude>
    <ClInclude Include="lcode20180904.h">
      <Filter>头文件</Filter>
    </ClInclude>
    <ClInclude Include="lcode20180905.h">
      <Filter>头文件</Filter>
    </ClInclude>
    <ClInclude Include="lcode20180913.h">
      <Filter>头文件</Filter>
    </ClInclude>
    <ClInclude Include="lcode20180914.h">
      <Filter>头文件</Filter>
    </ClInclude>
  </ItemGroup>
</Project>